﻿
Microsoft Visual Studio Solution File, Format Version 12.00
# Visual Studio Version 17
VisualStudioVersion = 17.0.31903.59
MinimumVisualStudioVersion = 10.0.40219.1
Project("{FAE04EC0-301F-11D3-BF4B-00C04F79EFBC}") = "homeworldGame", "homeworldGame\homeworldGame.csproj", "{502BA8EA-DF27-4B21-AC07-29C399A8D589}"
EndProject
Project("{FAE04EC0-301F-11D3-BF4B-00C04F79EFBC}") = "homeworldTests", "homeworldTests\homeworldTests.csproj", "{0208F27A-0A5A-4AE0-92EB-4FEF8A175517}"
EndProject
Global
	GlobalSection(SolutionConfigurationPlatforms) = preSolution
		Debug|Any CPU = Debug|Any CPU
		Release|Any CPU = Release|Any CPU
	EndGlobalSection
	GlobalSection(SolutionProperties) = preSolution
		HideSolutionNode = FALSE
	EndGlobalSection
	GlobalSection(ProjectConfigurationPlatforms) = postSolution
		{502BA8EA-DF27-4B21-AC07-29C399A8D589}.Debug|Any CPU.ActiveCfg = Debug|Any CPU
		{502BA8EA-DF27-4B21-AC07-29C399A8D589}.Debug|Any CPU.Build.0 = Debug|Any CPU
		{502BA8EA-DF27-4B21-AC07-29C399A8D589}.Release|Any CPU.ActiveCfg = Release|Any CPU
		{502BA8EA-DF27-4B21-AC07-29C399A8D589}.Release|Any CPU.Build.0 = Release|Any CPU
		{0208F27A-0A5A-4AE0-92EB-4FEF8A175517}.Debug|Any CPU.ActiveCfg = Debug|Any CPU
		{0208F27A-0A5A-4AE0-92EB-4FEF8A175517}.Debug|Any CPU.Build.0 = Debug|Any CPU
		{0208F27A-0A5A-4AE0-92EB-4FEF8A175517}.Release|Any CPU.ActiveCfg = Release|Any CPU
		{0208F27A-0A5A-4AE0-92EB-4FEF8A175517}.Release|Any CPU.Build.0 = Release|Any CPU
	EndGlobalSection
EndGlobal